
Microsoft Visual Studio Solution File, Format Version 12.00
# Visual Studio Version 17
VisualStudioVersion = 17.6.33815.320
MinimumVisualStudioVersion = 10.0.40219.1
Project("{FAE04EC0-301F-11D3-BF4B-00C04F79EFBC}") = "restaurante_cliente", "restaurante_cliente\restaurante_cliente.csproj", "{96857D71-05E7-498E-B418-6102C458318A}"
EndProject
Global
	GlobalSection(SolutionConfigurationPlatforms) = preSolution
		Debug|Any CPU = Debug|Any CPU
		Release|Any CPU = Release|Any CPU
	EndGlobalSection
	GlobalSection(ProjectConfigurationPlatforms) = postSolution
		{96857D71-05E7-498E-B418-6102C458318A}.Debug|Any CPU.ActiveCfg = Debug|Any CPU
		{96857D71-05E7-498E-B418-6102C458318A}.Debug|Any CPU.Build.0 = Debug|Any CPU
		{96857D71-05E7-498E-B418-6102C458318A}.Release|Any CPU.ActiveCfg = Release|Any CPU
		{96857D71-05E7-498E-B418-6102C458318A}.Release|Any CPU.Build.0 = Release|Any CPU
	EndGlobalSection
	GlobalSection(SolutionProperties) = preSolution
		HideSolutionNode = FALSE
	EndGlobalSection
	GlobalSection(ExtensibilityGlobals) = postSolution
		SolutionGuid = {012B9452-7F79-4E1C-9325-8EEEE93F5307}
	EndGlobalSection
EndGlobal
